
Microsoft Visual Studio Solution File, Format Version 12.00
# Visual Studio Version 17
VisualStudioVersion = 17.0.31903.59
MinimumVisualStudioVersion = 10.0.40219.1
Project("{2150E333-8FDC-42A3-9474-1A3956D46DE8}") = "src", "src", "{827E0CD3-B72D-47B6-A68D-7590B98EB39B}"
EndProject
Project("{FAE04EC0-301F-11D3-BF4B-00C04F79EFBC}") = "Mahod.Intergreen.Cli", "src\Mahod.Intergreen.Cli\Mahod.Intergreen.Cli.csproj", "{84881F94-52BE-4B74-826E-7A09CFC99BEF}"
EndProject
Project("{FAE04EC0-301F-11D3-BF4B-00C04F79EFBC}") = "Mahod.Intergreen.Contracts", "src\Mahod.Intergreen.Contracts\Mahod.Intergreen.Contracts.csproj", "{656CD21B-35AA-4C97-A700-C94EC1B45795}"
EndProject
Project("{FAE04EC0-301F-11D3-BF4B-00C04F79EFBC}") = "Mahod.Intergreen.Core", "src\Mahod.Intergreen.Core\Mahod.Intergreen.Core.csproj", "{28BCEABD-B19A-4E59-9107-DC12416CB2A3}"
EndProject
Project("{FAE04EC0-301F-11D3-BF4B-00C04F79EFBC}") = "Mahod.Intergreen.Excel", "src\Mahod.Intergreen.Excel\Mahod.Intergreen.Excel.csproj", "{77F9FE74-A21B-44D7-BB65-2A549A4812B0}"
EndProject
Project("{FAE04EC0-301F-11D3-BF4B-00C04F79EFBC}") = "Mahod.Intergreen.Geometry", "src\Mahod.Intergreen.Geometry\Mahod.Intergreen.Geometry.csproj", "{53910614-197D-4142-8D61-4B3CAC627DCD}"
EndProject
Project("{FAE04EC0-301F-11D3-BF4B-00C04F79EFBC}") = "Mahod.Intergreen.Reporting", "src\Mahod.Intergreen.Reporting\Mahod.Intergreen.Reporting.csproj", "{79F0FE74-6863-4D00-9E02-20BCEE16ED0F}"
EndProject
Project("{FAE04EC0-301F-11D3-BF4B-00C04F79EFBC}") = "Mahod.Intergreen.Rules", "src\Mahod.Intergreen.Rules\Mahod.Intergreen.Rules.csproj", "{6413B84D-AC77-461B-992C-6340CBD5EF90}"
EndProject
Project("{FAE04EC0-301F-11D3-BF4B-00C04F79EFBC}") = "Mahod.Intergreen.Core.Tests", "tests\Mahod.Intergreen.Core.Tests\Mahod.Intergreen.Core.Tests.csproj", "{4DBCE391-EF21-42B1-BE68-EBF56C7BFABD}"
EndProject
Project("{FAE04EC0-301F-11D3-BF4B-00C04F79EFBC}") = "Mahod.Intergreen.Excel.Tests", "tests\Mahod.Intergreen.Excel.Tests\Mahod.Intergreen.Excel.Tests.csproj", "{EB6F21A6-FB2A-4F07-AF58-2D75CD635A07}"
EndProject
Project("{FAE04EC0-301F-11D3-BF4B-00C04F79EFBC}") = "Mahod.Intergreen.Geometry.Tests", "tests\Mahod.Intergreen.Geometry.Tests\Mahod.Intergreen.Geometry.Tests.csproj", "{9563EBCB-E302-4C91-9CE9-A53C8134E5A5}"
EndProject
Project("{FAE04EC0-301F-11D3-BF4B-00C04F79EFBC}") = "Mahod.Intergreen.Regression.Tests", "tests\Mahod.Intergreen.Regression.Tests\Mahod.Intergreen.Regression.Tests.csproj", "{ACACB95F-77EA-4651-9B48-4DA6FF19912C}"
EndProject
Project("{FAE04EC0-301F-11D3-BF4B-00C04F79EFBC}") = "Mahod.Intergreen.Rules.Tests", "tests\Mahod.Intergreen.Rules.Tests\Mahod.Intergreen.Rules.Tests.csproj", "{03E448B7-2824-46EC-AB4D-CAE16DD219D1}"
EndProject
Project("{FAE04EC0-301F-11D3-BF4B-00C04F79EFBC}") = "Mahod.Intergreen.AutoCAD2026", "src\Mahod.Intergreen.AutoCAD2026\Mahod.Intergreen.AutoCAD2026.csproj", "{9950F2E2-CA15-4621-BC0C-715D6936875A}"
EndProject
Project("{FAE04EC0-301F-11D3-BF4B-00C04F79EFBC}") = "Mahod.Intergreen.Host", "src\Mahod.Intergreen.Host\Mahod.Intergreen.Host.csproj", "{6BAA3452-478E-4583-B755-721EE42A487A}"
EndProject
Project("{2150E333-8FDC-42A3-9474-1A3956D46DE8}") = "tests", "tests", "{0AB3BF05-4346-4AA6-1389-037BE0695223}"
EndProject
Project("{FAE04EC0-301F-11D3-BF4B-00C04F79EFBC}") = "Mahod.Intergreen.Host.Tests", "tests\Mahod.Intergreen.Host.Tests\Mahod.Intergreen.Host.Tests.csproj", "{6C63A03E-3CDE-4F92-9735-07EC89B18C32}"
EndProject
Project("{FAE04EC0-301F-11D3-BF4B-00C04F79EFBC}") = "Mahod.Intergreen.Usage.Tests", "tests\Mahod.Intergreen.Usage.Tests\Mahod.Intergreen.Usage.Tests.csproj", "{24FA4DA3-0C22-4FF1-A058-F5980B830A35}"
EndProject
Global
	GlobalSection(SolutionConfigurationPlatforms) = preSolution
		Debug|Any CPU = Debug|Any CPU
		Debug|x64 = Debug|x64
		Debug|x86 = Debug|x86
		Release|Any CPU = Release|Any CPU
		Release|x64 = Release|x64
		Release|x86 = Release|x86
	EndGlobalSection
	GlobalSection(ProjectConfigurationPlatforms) = postSolution
		{84881F94-52BE-4B74-826E-7A09CFC99BEF}.Debug|Any CPU.ActiveCfg = Debug|Any CPU
		{84881F94-52BE-4B74-826E-7A09CFC99BEF}.Debug|Any CPU.Build.0 = Debug|Any CPU
		{84881F94-52BE-4B74-826E-7A09CFC99BEF}.Debug|x64.ActiveCfg = Debug|Any CPU
		{84881F94-52BE-4B74-826E-7A09CFC99BEF}.Debug|x64.Build.0 = Debug|Any CPU
		{84881F94-52BE-4B74-826E-7A09CFC99BEF}.Debug|x86.ActiveCfg = Debug|Any CPU
		{84881F94-52BE-4B74-826E-7A09CFC99BEF}.Debug|x86.Build.0 = Debug|Any CPU
		{84881F94-52BE-4B74-826E-7A09CFC99BEF}.Release|Any CPU.ActiveCfg = Release|Any CPU
		{84881F94-52BE-4B74-826E-7A09CFC99BEF}.Release|Any CPU.Build.0 = Release|Any CPU
		{84881F94-52BE-4B74-826E-7A09CFC99BEF}.Release|x64.ActiveCfg = Release|Any CPU
		{84881F94-52BE-4B74-826E-7A09CFC99BEF}.Release|x64.Build.0 = Release|Any CPU
		{84881F94-52BE-4B74-826E-7A09CFC99BEF}.Release|x86.ActiveCfg = Release|Any CPU
		{84881F94-52BE-4B74-826E-7A09CFC99BEF}.Release|x86.Build.0 = Release|Any CPU
		{656CD21B-35AA-4C97-A700-C94EC1B45795}.Debug|Any CPU.ActiveCfg = Debug|Any CPU
		{656CD21B-35AA-4C97-A700-C94EC1B45795}.Debug|Any CPU.Build.0 = Debug|Any CPU
		{656CD21B-35AA-4C97-A700-C94EC1B45795}.Debug|x64.ActiveCfg = Debug|Any CPU
		{656CD21B-35AA-4C97-A700-C94EC1B45795}.Debug|x64.Build.0 = Debug|Any CPU
		{656CD21B-35AA-4C97-A700-C94EC1B45795}.Debug|x86.ActiveCfg = Debug|Any CPU
		{656CD21B-35AA-4C97-A700-C94EC1B45795}.Debug|x86.Build.0 = Debug|Any CPU
		{656CD21B-35AA-4C97-A700-C94EC1B45795}.Release|Any CPU.ActiveCfg = Release|Any CPU
		{656CD21B-35AA-4C97-A700-C94EC1B45795}.Release|Any CPU.Build.0 = Release|Any CPU
		{656CD21B-35AA-4C97-A700-C94EC1B45795}.Release|x64.ActiveCfg = Release|Any CPU
		{656CD21B-35AA-4C97-A700-C94EC1B45795}.Release|x64.Build.0 = Release|Any CPU
		{656CD21B-35AA-4C97-A700-C94EC1B45795}.Release|x86.ActiveCfg = Release|Any CPU
		{656CD21B-35AA-4C97-A700-C94EC1B45795}.Release|x86.Build.0 = Release|Any CPU
		{28BCEABD-B19A-4E59-9107-DC12416CB2A3}.Debug|Any CPU.ActiveCfg = Debug|Any CPU
		{28BCEABD-B19A-4E59-9107-DC12416CB2A3}.Debug|Any CPU.Build.0 = Debug|Any CPU
		{28BCEABD-B19A-4E59-9107-DC12416CB2A3}.Debug|x64.ActiveCfg = Debug|Any CPU
		{28BCEABD-B19A-4E59-9107-DC12416CB2A3}.Debug|x64.Build.0 = Debug|Any CPU
		{28BCEABD-B19A-4E59-9107-DC12416CB2A3}.Debug|x86.ActiveCfg = Debug|Any CPU
		{28BCEABD-B19A-4E59-9107-DC12416CB2A3}.Debug|x86.Build.0 = Debug|Any CPU
		{28BCEABD-B19A-4E59-9107-DC12416CB2A3}.Release|Any CPU.ActiveCfg = Release|Any CPU
		{28BCEABD-B19A-4E59-9107-DC12416CB2A3}.Release|Any CPU.Build.0 = Release|Any CPU
		{28BCEABD-B19A-4E59-9107-DC12416CB2A3}.Release|x64.ActiveCfg = Release|Any CPU
		{28BCEABD-B19A-4E59-9107-DC12416CB2A3}.Release|x64.Build.0 = Release|Any CPU
		{28BCEABD-B19A-4E59-9107-DC12416CB2A3}.Release|x86.ActiveCfg = Release|Any CPU
		{28BCEABD-B19A-4E59-9107-DC12416CB2A3}.Release|x86.Build.0 = Release|Any CPU
		{77F9FE74-A21B-44D7-BB65-2A549A4812B0}.Debug|Any CPU.ActiveCfg = Debug|Any CPU
		{77F9FE74-A21B-44D7-BB65-2A549A4812B0}.Debug|Any CPU.Build.0 = Debug|Any CPU
		{77F9FE74-A21B-44D7-BB65-2A549A4812B0}.Debug|x64.ActiveCfg = Debug|Any CPU
		{77F9FE74-A21B-44D7-BB65-2A549A4812B0}.Debug|x64.Build.0 = Debug|Any CPU
		{77F9FE74-A21B-44D7-BB65-2A549A4812B0}.Debug|x86.ActiveCfg = Debug|Any CPU
		{77F9FE74-A21B-44D7-BB65-2A549A4812B0}.Debug|x86.Build.0 = Debug|Any CPU
		{77F9FE74-A21B-44D7-BB65-2A549A4812B0}.Release|Any CPU.ActiveCfg = Release|Any CPU
		{77F9FE74-A21B-44D7-BB65-2A549A4812B0}.Release|Any CPU.Build.0 = Release|Any CPU
		{77F9FE74-A21B-44D7-BB65-2A549A4812B0}.Release|x64.ActiveCfg = Release|Any CPU
		{77F9FE74-A21B-44D7-BB65-2A549A4812B0}.Release|x64.Build.0 = Release|Any CPU
		{77F9FE74-A21B-44D7-BB65-2A549A4812B0}.Release|x86.ActiveCfg = Release|Any CPU
		{77F9FE74-A21B-44D7-BB65-2A549A4812B0}.Release|x86.Build.0 = Release|Any CPU
		{53910614-197D-4142-8D61-4B3CAC627DCD}.Debug|Any CPU.ActiveCfg = Debug|Any CPU
		{53910614-197D-4142-8D61-4B3CAC627DCD}.Debug|Any CPU.Build.0 = Debug|Any CPU
		{53910614-197D-4142-8D61-4B3CAC627DCD}.Debug|x64.ActiveCfg = Debug|Any CPU
		{53910614-197D-4142-8D61-4B3CAC627DCD}.Debug|x64.Build.0 = Debug|Any CPU
		{53910614-197D-4142-8D61-4B3CAC627DCD}.Debug|x86.ActiveCfg = Debug|Any CPU
		{53910614-197D-4142-8D61-4B3CAC627DCD}.Debug|x86.Build.0 = Debug|Any CPU
		{53910614-197D-4142-8D61-4B3CAC627DCD}.Release|Any CPU.ActiveCfg = Release|Any CPU
		{53910614-197D-4142-8D61-4B3CAC627DCD}.Release|Any CPU.Build.0 = Release|Any CPU
		{53910614-197D-4142-8D61-4B3CAC627DCD}.Release|x64.ActiveCfg = Release|Any CPU
		{53910614-197D-4142-8D61-4B3CAC627DCD}.Release|x64.Build.0 = Release|Any CPU
		{53910614-197D-4142-8D61-4B3CAC627DCD}.Release|x86.ActiveCfg = Release|Any CPU
		{53910614-197D-4142-8D61-4B3CAC627DCD}.Release|x86.Build.0 = Release|Any CPU
		{79F0FE74-6863-4D00-9E02-20BCEE16ED0F}.Debug|Any CPU.ActiveCfg = Debug|Any CPU
		{79F0FE74-6863-4D00-9E02-20BCEE16ED0F}.Debug|Any CPU.Build.0 = Debug|Any CPU
		{79F0FE74-6863-4D00-9E02-20BCEE16ED0F}.Debug|x64.ActiveCfg = Debug|Any CPU
		{79F0FE74-6863-4D00-9E02-20BCEE16ED0F}.Debug|x64.Build.0 = Debug|Any CPU
		{79F0FE74-6863-4D00-9E02-20BCEE16ED0F}.Debug|x86.ActiveCfg = Debug|Any CPU
		{79F0FE74-6863-4D00-9E02-20BCEE16ED0F}.Debug|x86.Build.0 = Debug|Any CPU
		{79F0FE74-6863-4D00-9E02-20BCEE16ED0F}.Release|Any CPU.ActiveCfg = Release|Any CPU
		{79F0FE74-6863-4D00-9E02-20BCEE16ED0F}.Release|Any CPU.Build.0 = Release|Any CPU
		{79F0FE74-6863-4D00-9E02-20BCEE16ED0F}.Release|x64.ActiveCfg = Release|Any CPU
		{79F0FE74-6863-4D00-9E02-20BCEE16ED0F}.Release|x64.Build.0 = Release|Any CPU
		{79F0FE74-6863-4D00-9E02-20BCEE16ED0F}.Release|x86.ActiveCfg = Release|Any CPU
		{79F0FE74-6863-4D00-9E02-20BCEE16ED0F}.Release|x86.Build.0 = Release|Any CPU
		{6413B84D-AC77-461B-992C-6340CBD5EF90}.Debug|Any CPU.ActiveCfg = Debug|Any CPU
		{6413B84D-AC77-461B-992C-6340CBD5EF90}.Debug|Any CPU.Build.0 = Debug|Any CPU
		{6413B84D-AC77-461B-992C-6340CBD5EF90}.Debug|x64.ActiveCfg = Debug|Any CPU
		{6413B84D-AC77-461B-992C-6340CBD5EF90}.Debug|x64.Build.0 = Debug|Any CPU
		{6413B84D-AC77-461B-992C-6340CBD5EF90}.Debug|x86.ActiveCfg = Debug|Any CPU
		{6413B84D-AC77-461B-992C-6340CBD5EF90}.Debug|x86.Build.0 = Debug|Any CPU
		{6413B84D-AC77-461B-992C-6340CBD5EF90}.Release|Any CPU.ActiveCfg = Release|Any CPU
		{6413B84D-AC77-461B-992C-6340CBD5EF90}.Release|Any CPU.Build.0 = Release|Any CPU
		{6413B84D-AC77-461B-992C-6340CBD5EF90}.Release|x64.ActiveCfg = Release|Any CPU
		{6413B84D-AC77-461B-992C-6340CBD5EF90}.Release|x64.Build.0 = Release|Any CPU
		{6413B84D-AC77-461B-992C-6340CBD5EF90}.Release|x86.ActiveCfg = Release|Any CPU
		{6413B84D-AC77-461B-992C-6340CBD5EF90}.Release|x86.Build.0 = Release|Any CPU
		{4DBCE391-EF21-42B1-BE68-EBF56C7BFABD}.Debug|Any CPU.ActiveCfg = Debug|Any CPU
		{4DBCE391-EF21-42B1-BE68-EBF56C7BFABD}.Debug|Any CPU.Build.0 = Debug|Any CPU
		{4DBCE391-EF21-42B1-BE68-EBF56C7BFABD}.Debug|x64.ActiveCfg = Debug|Any CPU
		{4DBCE391-EF21-42B1-BE68-EBF56C7BFABD}.Debug|x64.Build.0 = Debug|Any CPU
		{4DBCE391-EF21-42B1-BE68-EBF56C7BFABD}.Debug|x86.ActiveCfg = Debug|Any CPU
		{4DBCE391-EF21-42B1-BE68-EBF56C7BFABD}.Debug|x86.Build.0 = Debug|Any CPU
		{4DBCE391-EF21-42B1-BE68-EBF56C7BFABD}.Release|Any CPU.ActiveCfg = Release|Any CPU
		{4DBCE391-EF21-42B1-BE68-EBF56C7BFABD}.Release|Any CPU.Build.0 = Release|Any CPU
		{4DBCE391-EF21-42B1-BE68-EBF56C7BFABD}.Release|x64.ActiveCfg = Release|Any CPU
		{4DBCE391-EF21-42B1-BE68-EBF56C7BFABD}.Release|x64.Build.0 = Release|Any CPU
		{4DBCE391-EF21-42B1-BE68-EBF56C7BFABD}.Release|x86.ActiveCfg = Release|Any CPU
		{4DBCE391-EF21-42B1-BE68-EBF56C7BFABD}.Release|x86.Build.0 = Release|Any CPU
		{EB6F21A6-FB2A-4F07-AF58-2D75CD635A07}.Debug|Any CPU.ActiveCfg = Debug|Any CPU
		{EB6F21A6-FB2A-4F07-AF58-2D75CD635A07}.Debug|Any CPU.Build.0 = Debug|Any CPU
		{EB6F21A6-FB2A-4F07-AF58-2D75CD635A07}.Debug|x64.ActiveCfg = Debug|Any CPU
		{EB6F21A6-FB2A-4F07-AF58-2D75CD635A07}.Debug|x64.Build.0 = Debug|Any CPU
		{EB6F21A6-FB2A-4F07-AF58-2D75CD635A07}.Debug|x86.ActiveCfg = Debug|Any CPU
		{EB6F21A6-FB2A-4F07-AF58-2D75CD635A07}.Debug|x86.Build.0 = Debug|Any CPU
		{EB6F21A6-FB2A-4F07-AF58-2D75CD635A07}.Release|Any CPU.ActiveCfg = Release|Any CPU
		{EB6F21A6-FB2A-4F07-AF58-2D75CD635A07}.Release|Any CPU.Build.0 = Release|Any CPU
		{EB6F21A6-FB2A-4F07-AF58-2D75CD635A07}.Release|x64.ActiveCfg = Release|Any CPU
		{EB6F21A6-FB2A-4F07-AF58-2D75CD635A07}.Release|x64.Build.0 = Release|Any CPU
		{EB6F21A6-FB2A-4F07-AF58-2D75CD635A07}.Release|x86.ActiveCfg = Release|Any CPU
		{EB6F21A6-FB2A-4F07-AF58-2D75CD635A07}.Release|x86.Build.0 = Release|Any CPU
		{9563EBCB-E302-4C91-9CE9-A53C8134E5A5}.Debug|Any CPU.ActiveCfg = Debug|Any CPU
		{9563EBCB-E302-4C91-9CE9-A53C8134E5A5}.Debug|Any CPU.Build.0 = Debug|Any CPU
		{9563EBCB-E302-4C91-9CE9-A53C8134E5A5}.Debug|x64.ActiveCfg = Debug|Any CPU
		{9563EBCB-E302-4C91-9CE9-A53C8134E5A5}.Debug|x64.Build.0 = Debug|Any CPU
		{9563EBCB-E302-4C91-9CE9-A53C8134E5A5}.Debug|x86.ActiveCfg = Debug|Any CPU
		{9563EBCB-E302-4C91-9CE9-A53C8134E5A5}.Debug|x86.Build.0 = Debug|Any CPU
		{9563EBCB-E302-4C91-9CE9-A53C8134E5A5}.Release|Any CPU.ActiveCfg = Release|Any CPU
		{9563EBCB-E302-4C91-9CE9-A53C8134E5A5}.Release|Any CPU.Build.0 = Release|Any CPU
		{9563EBCB-E302-4C91-9CE9-A53C8134E5A5}.Release|x64.ActiveCfg = Release|Any CPU
		{9563EBCB-E302-4C91-9CE9-A53C8134E5A5}.Release|x64.Build.0 = Release|Any CPU
		{9563EBCB-E302-4C91-9CE9-A53C8134E5A5}.Release|x86.ActiveCfg = Release|Any CPU
		{9563EBCB-E302-4C91-9CE9-A53C8134E5A5}.Release|x86.Build.0 = Release|Any CPU
		{ACACB95F-77EA-4651-9B48-4DA6FF19912C}.Debug|Any CPU.ActiveCfg = Debug|Any CPU
		{ACACB95F-77EA-4651-9B48-4DA6FF19912C}.Debug|Any CPU.Build.0 = Debug|Any CPU
		{ACACB95F-77EA-4651-9B48-4DA6FF19912C}.Debug|x64.ActiveCfg = Debug|Any CPU
		{ACACB95F-77EA-4651-9B48-4DA6FF19912C}.Debug|x64.Build.0 = Debug|Any CPU
		{ACACB95F-77EA-4651-9B48-4DA6FF19912C}.Debug|x86.ActiveCfg = Debug|Any CPU
		{ACACB95F-77EA-4651-9B48-4DA6FF19912C}.Debug|x86.Build.0 = Debug|Any CPU
		{ACACB95F-77EA-4651-9B48-4DA6FF19912C}.Release|Any CPU.ActiveCfg = Release|Any CPU
		{ACACB95F-77EA-4651-9B48-4DA6FF19912C}.Release|Any CPU.Build.0 = Release|Any CPU
		{ACACB95F-77EA-4651-9B48-4DA6FF19912C}.Release|x64.ActiveCfg = Release|Any CPU
		{ACACB95F-77EA-4651-9B48-4DA6FF19912C}.Release|x64.Build.0 = Release|Any CPU
		{ACACB95F-77EA-4651-9B48-4DA6FF19912C}.Release|x86.ActiveCfg = Release|Any CPU
		{ACACB95F-77EA-4651-9B48-4DA6FF19912C}.Release|x86.Build.0 = Release|Any CPU
		{03E448B7-2824-46EC-AB4D-CAE16DD219D1}.Debug|Any CPU.ActiveCfg = Debug|Any CPU
		{03E448B7-2824-46EC-AB4D-CAE16DD219D1}.Debug|Any CPU.Build.0 = Debug|Any CPU
		{03E448B7-2824-46EC-AB4D-CAE16DD219D1}.Debug|x64.ActiveCfg = Debug|Any CPU
		{03E448B7-2824-46EC-AB4D-CAE16DD219D1}.Debug|x64.Build.0 = Debug|Any CPU
		{03E448B7-2824-46EC-AB4D-CAE16DD219D1}.Debug|x86.ActiveCfg = Debug|Any CPU
		{03E448B7-2824-46EC-AB4D-CAE16DD219D1}.Debug|x86.Build.0 = Debug|Any CPU
		{03E448B7-2824-46EC-AB4D-CAE16DD219D1}.Release|Any CPU.ActiveCfg = Release|Any CPU
		{03E448B7-2824-46EC-AB4D-CAE16DD219D1}.Release|Any CPU.Build.0 = Release|Any CPU
		{03E448B7-2824-46EC-AB4D-CAE16DD219D1}.Release|x64.ActiveCfg = Release|Any CPU
		{03E448B7-2824-46EC-AB4D-CAE16DD219D1}.Release|x64.Build.0 = Release|Any CPU
		{03E448B7-2824-46EC-AB4D-CAE16DD219D1}.Release|x86.ActiveCfg = Release|Any CPU
		{03E448B7-2824-46EC-AB4D-CAE16DD219D1}.Release|x86.Build.0 = Release|Any CPU
		{9950F2E2-CA15-4621-BC0C-715D6936875A}.Debug|Any CPU.ActiveCfg = Debug|Any CPU
		{9950F2E2-CA15-4621-BC0C-715D6936875A}.Debug|Any CPU.Build.0 = Debug|Any CPU
		{9950F2E2-CA15-4621-BC0C-715D6936875A}.Debug|x64.ActiveCfg = Debug|Any CPU
		{9950F2E2-CA15-4621-BC0C-715D6936875A}.Debug|x64.Build.0 = Debug|Any CPU
		{9950F2E2-CA15-4621-BC0C-715D6936875A}.Debug|x86.ActiveCfg = Debug|Any CPU
		{9950F2E2-CA15-4621-BC0C-715D6936875A}.Debug|x86.Build.0 = Debug|Any CPU
		{9950F2E2-CA15-4621-BC0C-715D6936875A}.Release|Any CPU.ActiveCfg = Release|Any CPU
		{9950F2E2-CA15-4621-BC0C-715D6936875A}.Release|Any CPU.Build.0 = Release|Any CPU
		{9950F2E2-CA15-4621-BC0C-715D6936875A}.Release|x64.ActiveCfg = Release|Any CPU
		{9950F2E2-CA15-4621-BC0C-715D6936875A}.Release|x64.Build.0 = Release|Any CPU
		{9950F2E2-CA15-4621-BC0C-715D6936875A}.Release|x86.ActiveCfg = Release|Any CPU
		{9950F2E2-CA15-4621-BC0C-715D6936875A}.Release|x86.Build.0 = Release|Any CPU
		{6BAA3452-478E-4583-B755-721EE42A487A}.Debug|Any CPU.ActiveCfg = Debug|Any CPU
		{6BAA3452-478E-4583-B755-721EE42A487A}.Debug|Any CPU.Build.0 = Debug|Any CPU
		{6BAA3452-478E-4583-B755-721EE42A487A}.Debug|x64.ActiveCfg = Debug|Any CPU
		{6BAA3452-478E-4583-B755-721EE42A487A}.Debug|x64.Build.0 = Debug|Any CPU
		{6BAA3452-478E-4583-B755-721EE42A487A}.Debug|x86.ActiveCfg = Debug|Any CPU
		{6BAA3452-478E-4583-B755-721EE42A487A}.Debug|x86.Build.0 = Debug|Any CPU
		{6BAA3452-478E-4583-B755-721EE42A487A}.Release|Any CPU.ActiveCfg = Release|Any CPU
		{6BAA3452-478E-4583-B755-721EE42A487A}.Release|Any CPU.Build.0 = Release|Any CPU
		{6BAA3452-478E-4583-B755-721EE42A487A}.Release|x64.ActiveCfg = Release|Any CPU
		{6BAA3452-478E-4583-B755-721EE42A487A}.Release|x64.Build.0 = Release|Any CPU
		{6BAA3452-478E-4583-B755-721EE42A487A}.Release|x86.ActiveCfg = Release|Any CPU
		{6BAA3452-478E-4583-B755-721EE42A487A}.Release|x86.Build.0 = Release|Any CPU
		{6C63A03E-3CDE-4F92-9735-07EC89B18C32}.Debug|Any CPU.ActiveCfg = Debug|Any CPU
		{6C63A03E-3CDE-4F92-9735-07EC89B18C32}.Debug|Any CPU.Build.0 = Debug|Any CPU
		{6C63A03E-3CDE-4F92-9735-07EC89B18C32}.Debug|x64.ActiveCfg = Debug|Any CPU
		{6C63A03E-3CDE-4F92-9735-07EC89B18C32}.Debug|x64.Build.0 = Debug|Any CPU
		{6C63A03E-3CDE-4F92-9735-07EC89B18C32}.Debug|x86.ActiveCfg = Debug|Any CPU
		{6C63A03E-3CDE-4F92-9735-07EC89B18C32}.Debug|x86.Build.0 = Debug|Any CPU
		{6C63A03E-3CDE-4F92-9735-07EC89B18C32}.Release|Any CPU.ActiveCfg = Release|Any CPU
		{6C63A03E-3CDE-4F92-9735-07EC89B18C32}.Release|Any CPU.Build.0 = Release|Any CPU
		{6C63A03E-3CDE-4F92-9735-07EC89B18C32}.Release|x64.ActiveCfg = Release|Any CPU
		{6C63A03E-3CDE-4F92-9735-07EC89B18C32}.Release|x64.Build.0 = Release|Any CPU
		{6C63A03E-3CDE-4F92-9735-07EC89B18C32}.Release|x86.ActiveCfg = Release|Any CPU
		{6C63A03E-3CDE-4F92-9735-07EC89B18C32}.Release|x86.Build.0 = Release|Any CPU
		{24FA4DA3-0C22-4FF1-A058-F5980B830A35}.Debug|Any CPU.ActiveCfg = Debug|Any CPU
		{24FA4DA3-0C22-4FF1-A058-F5980B830A35}.Debug|Any CPU.Build.0 = Debug|Any CPU
		{24FA4DA3-0C22-4FF1-A058-F5980B830A35}.Debug|x64.ActiveCfg = Debug|Any CPU
		{24FA4DA3-0C22-4FF1-A058-F5980B830A35}.Debug|x64.Build.0 = Debug|Any CPU
		{24FA4DA3-0C22-4FF1-A058-F5980B830A35}.Debug|x86.ActiveCfg = Debug|Any CPU
		{24FA4DA3-0C22-4FF1-A058-F5980B830A35}.Debug|x86.Build.0 = Debug|Any CPU
		{24FA4DA3-0C22-4FF1-A058-F5980B830A35}.Release|Any CPU.ActiveCfg = Release|Any CPU
		{24FA4DA3-0C22-4FF1-A058-F5980B830A35}.Release|Any CPU.Build.0 = Release|Any CPU
		{24FA4DA3-0C22-4FF1-A058-F5980B830A35}.Release|x64.ActiveCfg = Release|Any CPU
		{24FA4DA3-0C22-4FF1-A058-F5980B830A35}.Release|x64.Build.0 = Release|Any CPU
		{24FA4DA3-0C22-4FF1-A058-F5980B830A35}.Release|x86.ActiveCfg = Release|Any CPU
		{24FA4DA3-0C22-4FF1-A058-F5980B830A35}.Release|x86.Build.0 = Release|Any CPU
	EndGlobalSection
	GlobalSection(SolutionProperties) = preSolution
		HideSolutionNode = FALSE
	EndGlobalSection
	GlobalSection(NestedProjects) = preSolution
		{84881F94-52BE-4B74-826E-7A09CFC99BEF} = {827E0CD3-B72D-47B6-A68D-7590B98EB39B}
		{656CD21B-35AA-4C97-A700-C94EC1B45795} = {827E0CD3-B72D-47B6-A68D-7590B98EB39B}
		{28BCEABD-B19A-4E59-9107-DC12416CB2A3} = {827E0CD3-B72D-47B6-A68D-7590B98EB39B}
		{77F9FE74-A21B-44D7-BB65-2A549A4812B0} = {827E0CD3-B72D-47B6-A68D-7590B98EB39B}
		{53910614-197D-4142-8D61-4B3CAC627DCD} = {827E0CD3-B72D-47B6-A68D-7590B98EB39B}
		{79F0FE74-6863-4D00-9E02-20BCEE16ED0F} = {827E0CD3-B72D-47B6-A68D-7590B98EB39B}
		{6413B84D-AC77-461B-992C-6340CBD5EF90} = {827E0CD3-B72D-47B6-A68D-7590B98EB39B}
		{4DBCE391-EF21-42B1-BE68-EBF56C7BFABD} = {827E0CD3-B72D-47B6-A68D-7590B98EB39B}
		{EB6F21A6-FB2A-4F07-AF58-2D75CD635A07} = {827E0CD3-B72D-47B6-A68D-7590B98EB39B}
		{9563EBCB-E302-4C91-9CE9-A53C8134E5A5} = {827E0CD3-B72D-47B6-A68D-7590B98EB39B}
		{ACACB95F-77EA-4651-9B48-4DA6FF19912C} = {827E0CD3-B72D-47B6-A68D-7590B98EB39B}
		{03E448B7-2824-46EC-AB4D-CAE16DD219D1} = {827E0CD3-B72D-47B6-A68D-7590B98EB39B}
		{9950F2E2-CA15-4621-BC0C-715D6936875A} = {827E0CD3-B72D-47B6-A68D-7590B98EB39B}
		{6BAA3452-478E-4583-B755-721EE42A487A} = {827E0CD3-B72D-47B6-A68D-7590B98EB39B}
		{6C63A03E-3CDE-4F92-9735-07EC89B18C32} = {0AB3BF05-4346-4AA6-1389-037BE0695223}
		{24FA4DA3-0C22-4FF1-A058-F5980B830A35} = {0AB3BF05-4346-4AA6-1389-037BE0695223}
	EndGlobalSection
EndGlobal
